
Microsoft Visual Studio Solution File, Format Version 12.00
# Visual Studio Version 16
VisualStudioVersion = 16.0.30002.166
MinimumVisualStudioVersion = 10.0.40219.1
Project("{9A19103F-16F7-4668-BE54-9A1E7A4F7556}") = "MultiTenant.Core", "MultiTenant.Core\MultiTenant.Core.csproj", "{527E370B-0129-4323-ABAB-1253A36FA9C5}"
EndProject
Project("{2150E333-8FDC-42A3-9474-1A3956D46DE8}") = "src", "src", "{F68A3CCF-5A83-40EF-80E5-2A7BB6BC70C5}"
EndProject
Project("{2150E333-8FDC-42A3-9474-1A3956D46DE8}") = "sample", "sample", "{82772F75-DF45-4193-867A-C6F5BC00D2C6}"
EndProject
Project("{FAE04EC0-301F-11D3-BF4B-00C04F79EFBC}") = "MultiTenant.Sample.SimpleApi", "..\..\sample\MultiTenant.Sample.SimpleApi\MultiTenant.Sample.SimpleApi.csproj", "{46536FEB-1879-4C48-B343-189B6DD5018C}"
EndProject
Global
	GlobalSection(SolutionConfigurationPlatforms) = preSolution
		Debug|Any CPU = Debug|Any CPU
		Release|Any CPU = Release|Any CPU
	EndGlobalSection
	GlobalSection(ProjectConfigurationPlatforms) = postSolution
		{527E370B-0129-4323-ABAB-1253A36FA9C5}.Debug|Any CPU.ActiveCfg = Debug|Any CPU
		{527E370B-0129-4323-ABAB-1253A36FA9C5}.Debug|Any CPU.Build.0 = Debug|Any CPU
		{527E370B-0129-4323-ABAB-1253A36FA9C5}.Release|Any CPU.ActiveCfg = Release|Any CPU
		{527E370B-0129-4323-ABAB-1253A36FA9C5}.Release|Any CPU.Build.0 = Release|Any CPU
		{46536FEB-1879-4C48-B343-189B6DD5018C}.Debug|Any CPU.ActiveCfg = Debug|Any CPU
		{46536FEB-1879-4C48-B343-189B6DD5018C}.Debug|Any CPU.Build.0 = Debug|Any CPU
		{46536FEB-1879-4C48-B343-189B6DD5018C}.Release|Any CPU.ActiveCfg = Release|Any CPU
		{46536FEB-1879-4C48-B343-189B6DD5018C}.Release|Any CPU.Build.0 = Release|Any CPU
	EndGlobalSection
	GlobalSection(SolutionProperties) = preSolution
		HideSolutionNode = FALSE
	EndGlobalSection
	GlobalSection(NestedProjects) = preSolution
		{527E370B-0129-4323-ABAB-1253A36FA9C5} = {F68A3CCF-5A83-40EF-80E5-2A7BB6BC70C5}
		{46536FEB-1879-4C48-B343-189B6DD5018C} = {82772F75-DF45-4193-867A-C6F5BC00D2C6}
	EndGlobalSection
	GlobalSection(ExtensibilityGlobals) = postSolution
		SolutionGuid = {30D75167-16AB-430C-9BB0-CB2C78D4C741}
	EndGlobalSection
EndGlobal
